
Microsoft Visual Studio Solution File, Format Version 12.00
# Visual Studio Version 17
VisualStudioVersion = 17.1.32319.34
MinimumVisualStudioVersion = 10.0.40219.1
Project("{FAE04EC0-301F-11D3-BF4B-00C04F79EFBC}") = "随机背诵", "随机背诵.csproj", "{7DCA2849-3687-4DF0-9F02-890A75B1B234}"
EndProject
Global
	GlobalSection(SolutionConfigurationPlatforms) = preSolution
		Debug|Any CPU = Debug|Any CPU
		Release|Any CPU = Release|Any CPU
	EndGlobalSection
	GlobalSection(ProjectConfigurationPlatforms) = postSolution
		{7DCA2849-3687-4DF0-9F02-890A75B1B234}.Debug|Any CPU.ActiveCfg = Debug|Any CPU
		{7DCA2849-3687-4DF0-9F02-890A75B1B234}.Debug|Any CPU.Build.0 = Debug|Any CPU
		{7DCA2849-3687-4DF0-9F02-890A75B1B234}.Release|Any CPU.ActiveCfg = Release|Any CPU
		{7DCA2849-3687-4DF0-9F02-890A75B1B234}.Release|Any CPU.Build.0 = Release|Any CPU
	EndGlobalSection
	GlobalSection(SolutionProperties) = preSolution
		HideSolutionNode = FALSE
	EndGlobalSection
	GlobalSection(ExtensibilityGlobals) = postSolution
		SolutionGuid = {CEB29ECE-CFE9-4327-9BA5-2EC4AC8A3E3C}
	EndGlobalSection
EndGlobal
